
Microsoft Visual Studio Solution File, Format Version 12.00
# Visual Studio 2013
VisualStudioVersion = 12.0.21005.1
MinimumVisualStudioVersion = 10.0.40219.1
Project("{2150E333-8FDC-42A3-9474-1A3956D46DE8}") = "Solution Items", "Solution Items", "{FAD856F3-CB37-467B-A843-9B63BFBC6A5E}"
	ProjectSection(SolutionItems) = preProject
		COMMON\ykdef.h = COMMON\ykdef.h
		YkLib30\YkLib.h = YkLib30\YkLib.h
	EndProjectSection
EndProject
Project("{8BC9CEB8-8B4A-11D0-8D11-00A0C91BC942}") = "YubikeyLibTest", "YubikeyLib.vcxproj", "{0F5325E6-FA4E-4EB3-B91F-32A81A62E838}"
EndProject
Project("{8BC9CEB8-8B4A-11D0-8D11-00A0C91BC942}") = "YkLib30", "YkLib30\YkLib30.vcxproj", "{326058EE-494B-4E51-BB34-1F4505E368B7}"
EndProject
Global
	GlobalSection(SolutionConfigurationPlatforms) = preSolution
		Debug|Win32 = Debug|Win32
		Debug|x64 = Debug|x64
		Release|Win32 = Release|Win32
		Release|x64 = Release|x64
	EndGlobalSection
	GlobalSection(ProjectConfigurationPlatforms) = postSolution
		{0F5325E6-FA4E-4EB3-B91F-32A81A62E838}.Debug|Win32.ActiveCfg = Debug|Win32
		{0F5325E6-FA4E-4EB3-B91F-32A81A62E838}.Debug|Win32.Build.0 = Debug|Win32
		{0F5325E6-FA4E-4EB3-B91F-32A81A62E838}.Debug|x64.ActiveCfg = Debug|x64
		{0F5325E6-FA4E-4EB3-B91F-32A81A62E838}.Debug|x64.Build.0 = Debug|x64
		{0F5325E6-FA4E-4EB3-B91F-32A81A62E838}.Release|Win32.ActiveCfg = Release|Win32
		{0F5325E6-FA4E-4EB3-B91F-32A81A62E838}.Release|Win32.Build.0 = Release|Win32
		{0F5325E6-FA4E-4EB3-B91F-32A81A62E838}.Release|x64.ActiveCfg = Release|x64
		{0F5325E6-FA4E-4EB3-B91F-32A81A62E838}.Release|x64.Build.0 = Release|x64
		{326058EE-494B-4E51-BB34-1F4505E368B7}.Debug|Win32.ActiveCfg = Debug|Win32
		{326058EE-494B-4E51-BB34-1F4505E368B7}.Debug|Win32.Build.0 = Debug|Win32
		{326058EE-494B-4E51-BB34-1F4505E368B7}.Debug|x64.ActiveCfg = Debug|x64
		{326058EE-494B-4E51-BB34-1F4505E368B7}.Debug|x64.Build.0 = Debug|x64
		{326058EE-494B-4E51-BB34-1F4505E368B7}.Release|Win32.ActiveCfg = Release|Win32
		{326058EE-494B-4E51-BB34-1F4505E368B7}.Release|Win32.Build.0 = Release|Win32
		{326058EE-494B-4E51-BB34-1F4505E368B7}.Release|x64.ActiveCfg = Release|x64
		{326058EE-494B-4E51-BB34-1F4505E368B7}.Release|x64.Build.0 = Release|x64
	EndGlobalSection
	GlobalSection(SolutionProperties) = preSolution
		HideSolutionNode = FALSE
	EndGlobalSection
EndGlobal
