
Microsoft Visual Studio Solution File, Format Version 12.00
# Visual Studio 2013
VisualStudioVersion = 12.0.21005.1
MinimumVisualStudioVersion = 10.0.40219.1
Project("{FAE04EC0-301F-11D3-BF4B-00C04F79EFBC}") = "MFAYubiCryptClient", "MFAYubiCryptClient\MFAYubiCryptClient.csproj", "{AD28F72E-97E2-4AE7-9651-182CF593C727}"
EndProject
Global
	GlobalSection(SolutionConfigurationPlatforms) = preSolution
		Debug|Any CPU = Debug|Any CPU
		Release|Any CPU = Release|Any CPU
	EndGlobalSection
	GlobalSection(ProjectConfigurationPlatforms) = postSolution
		{AD28F72E-97E2-4AE7-9651-182CF593C727}.Debug|Any CPU.ActiveCfg = Debug|Any CPU
		{AD28F72E-97E2-4AE7-9651-182CF593C727}.Debug|Any CPU.Build.0 = Debug|Any CPU
		{AD28F72E-97E2-4AE7-9651-182CF593C727}.Release|Any CPU.ActiveCfg = Release|Any CPU
		{AD28F72E-97E2-4AE7-9651-182CF593C727}.Release|Any CPU.Build.0 = Release|Any CPU
	EndGlobalSection
	GlobalSection(SolutionProperties) = preSolution
		HideSolutionNode = FALSE
	EndGlobalSection
EndGlobal
