
Microsoft Visual Studio Solution File, Format Version 10.00
# Visual Studio 2008
Project("{8BC9CEB8-8B4A-11D0-8D11-00A0C91BC942}") = "AsyncSample", "AsyncSample.vcproj", "{627DC436-5B18-465C-9A21-7A65F26889D7}"
EndProject
Global
	GlobalSection(SolutionConfigurationPlatforms) = preSolution
		Debug|Win32 = Debug|Win32
		Release|Win32 = Release|Win32
	EndGlobalSection
	GlobalSection(ProjectConfigurationPlatforms) = postSolution
		{627DC436-5B18-465C-9A21-7A65F26889D7}.Debug|Win32.ActiveCfg = Debug|Win32
		{627DC436-5B18-465C-9A21-7A65F26889D7}.Debug|Win32.Build.0 = Debug|Win32
		{627DC436-5B18-465C-9A21-7A65F26889D7}.Release|Win32.ActiveCfg = Release|Win32
		{627DC436-5B18-465C-9A21-7A65F26889D7}.Release|Win32.Build.0 = Release|Win32
	EndGlobalSection
	GlobalSection(SolutionProperties) = preSolution
		HideSolutionNode = FALSE
	EndGlobalSection
EndGlobal
